
Microsoft Visual Studio Solution File, Format Version 12.00
# Visual Studio Version 17
VisualStudioVersion = 17.4.33213.308
MinimumVisualStudioVersion = 10.0.40219.1
Project("{FAE04EC0-301F-11D3-BF4B-00C04F79EFBC}") = "ApiPerformanceTestWeather", "ApiPerformanceTestWeather.csproj", "{66B75A45-CCC1-454A-BA30-69D4F311D3C5}"
EndProject
Global
	GlobalSection(SolutionConfigurationPlatforms) = preSolution
		Debug|Any CPU = Debug|Any CPU
		Release|Any CPU = Release|Any CPU
	EndGlobalSection
	GlobalSection(ProjectConfigurationPlatforms) = postSolution
		{66B75A45-CCC1-454A-BA30-69D4F311D3C5}.Debug|Any CPU.ActiveCfg = Debug|Any CPU
		{66B75A45-CCC1-454A-BA30-69D4F311D3C5}.Debug|Any CPU.Build.0 = Debug|Any CPU
		{66B75A45-CCC1-454A-BA30-69D4F311D3C5}.Release|Any CPU.ActiveCfg = Release|Any CPU
		{66B75A45-CCC1-454A-BA30-69D4F311D3C5}.Release|Any CPU.Build.0 = Release|Any CPU
	EndGlobalSection
	GlobalSection(SolutionProperties) = preSolution
		HideSolutionNode = FALSE
	EndGlobalSection
	GlobalSection(ExtensibilityGlobals) = postSolution
		SolutionGuid = {61E9389C-9E26-4A07-8585-F412771BCE8E}
	EndGlobalSection
EndGlobal
